// !$*UTF8*$!
{
	archiveVersion = 1;
	classes = {
	};
	objectVersion = 56;
	objects = {

/* Begin PBXBuildFile section */
		69756CF62B7E10710048E2B1 /* CustomURLImageView.swift in Sources */ = {isa = PBXBuildFile; fileRef = 69756CF52B7E10710048E2B1 /* CustomURLImageView.swift */; };
		69F0F3692B7CE28900FD676D /* SwiftUIAPIcallsApp.swift in Sources */ = {isa = PBXBuildFile; fileRef = 69F0F3682B7CE28900FD676D /* SwiftUIAPIcallsApp.swift */; };
		69F0F36B2B7CE28900FD676D /* ContentView.swift in Sources */ = {isa = PBXBuildFile; fileRef = 69F0F36A2B7CE28900FD676D /* ContentView.swift */; };
		69F0F36D2B7CE28A00FD676D /* Assets.xcassets in Resources */ = {isa = PBXBuildFile; fileRef = 69F0F36C2B7CE28A00FD676D /* Assets.xcassets */; };
		69F0F3702B7CE28A00FD676D /* Preview Assets.xcassets in Resources */ = {isa = PBXBuildFile; fileRef = 69F0F36F2B7CE28A00FD676D /* Preview Assets.xcassets */; };
		69F0F3772B7CE3A200FD676D /* ViewModel.swift in Sources */ = {isa = PBXBuildFile; fileRef = 69F0F3762B7CE3A200FD676D /* ViewModel.swift */; };
		69F0F3792B7CE7FC00FD676D /* CourseModel.swift in Sources */ = {isa = PBXBuildFile; fileRef = 69F0F3782B7CE7FC00FD676D /* CourseModel.swift */; };
/* End PBXBuildFile section */

/* Begin PBXFileReference section */
		69756CF52B7E10710048E2B1 /* CustomURLImageView.swift */ = {isa = PBXFileReference; lastKnownFileType = sourcecode.swift; path = CustomURLImageView.swift; sourceTree = "<group>"; };
		69F0F3652B7CE28900FD676D /* SwiftUIAPIcalls.app */ = {isa = PBXFileReference; explicitFileType = wrapper.application; includeInIndex = 0; path = SwiftUIAPIcalls.app; sourceTree = BUILT_PRODUCTS_DIR; };
		69F0F3682B7CE28900FD676D /* SwiftUIAPIcallsApp.swift */ = {isa = PBXFileReference; lastKnownFileType = sourcecode.swift; path = SwiftUIAPIcallsApp.swift; sourceTree = "<group>"; };
		69F0F36A2B7CE28900FD676D /* ContentView.swift */ = {isa = PBXFileReference; lastKnownFileType = sourcecode.swift; path = ContentView.swift; sourceTree = "<group>"; };
		69F0F36C2B7CE28A00FD676D /* Assets.xcassets */ = {isa = PBXFileReference; lastKnownFileType = folder.assetcatalog; path = Assets.xcassets; sourceTree = "<group>"; };
		69F0F36F2B7CE28A00FD676D /* Preview Assets.xcassets */ = {isa = PBXFileReference; lastKnownFileType = folder.assetcatalog; path = "Preview Assets.xcassets"; sourceTree = "<group>"; };
		69F0F3762B7CE3A200FD676D /* ViewModel.swift */ = {isa = PBXFileReference; lastKnownFileType = sourcecode.swift; path = ViewModel.swift; sourceTree = "<group>"; };
		69F0F3782B7CE7FC00FD676D /* CourseModel.swift */ = {isa = PBXFileReference; lastKnownFileType = sourcecode.swift; path = CourseModel.swift; sourceTree = "<group>"; };
/* End PBXFileReference section */

/* Begin PBXFrameworksBuildPhase section */
		69F0F3622B7CE28900FD676D /* Frameworks */ = {
			isa = PBXFrameworksBuildPhase;
			buildActionMask = 2147483647;
			files = (
			);
			runOnlyForDeploymentPostprocessing = 0;
		};
/* End PBXFrameworksBuildPhase section */

/* Begin PBXGroup section */
		69F0F35C2B7CE28900FD676D = {
			isa = PBXGroup;
			children = (
				69F0F3672B7CE28900FD676D /* SwiftUIAPIcalls */,
				69F0F3662B7CE28900FD676D /* Products */,
			);
			sourceTree = "<group>";
		};
		69F0F3662B7CE28900FD676D /* Products */ = {
			isa = PBXGroup;
			children = (
				69F0F3652B7CE28900FD676D /* SwiftUIAPIcalls.app */,
			);
			name = Products;
			sourceTree = "<group>";
		};
		69F0F3672B7CE28900FD676D /* SwiftUIAPIcalls */ = {
			isa = PBXGroup;
			children = (
				69F0F3682B7CE28900FD676D /* SwiftUIAPIcallsApp.swift */,
				69F0F36A2B7CE28900FD676D /* ContentView.swift */,
				69756CF52B7E10710048E2B1 /* CustomURLImageView.swift */,
				69F0F3782B7CE7FC00FD676D /* CourseModel.swift */,
				69F0F3762B7CE3A200FD676D /* ViewModel.swift */,
				69F0F36C2B7CE28A00FD676D /* Assets.xcassets */,
				69F0F36E2B7CE28A00FD676D /* Preview Content */,
			);
			path = SwiftUIAPIcalls;
			sourceTree = "<group>";
		};
		69F0F36E2B7CE28A00FD676D /* Preview Content */ = {
			isa = PBXGroup;
			children = (
				69F0F36F2B7CE28A00FD676D /* Preview Assets.xcassets */,
			);
			path = "Preview Content";
			sourceTree = "<group>";
		};
/* End PBXGroup section */

/* Begin PBXNativeTarget section */
		69F0F3642B7CE28900FD676D /* SwiftUIAPIcalls */ = {
			isa = PBXNativeTarget;
			buildConfigurationList = 69F0F3732B7CE28A00FD676D /* Build configuration list for PBXNativeTarget "SwiftUIAPIcalls" */;
			buildPhases = (
				69F0F3612B7CE28900FD676D /* Sources */,
				69F0F3622B7CE28900FD676D /* Frameworks */,
				69F0F3632B7CE28900FD676D /* Resources */,
			);
			buildRules = (
			);
			dependencies = (
			);
			name = SwiftUIAPIcalls;
			productName = SwiftUIAPIcalls;
			productReference = 69F0F3652B7CE28900FD676D /* SwiftUIAPIcalls.app */;
			productType = "com.apple.product-type.application";
		};
/* End PBXNativeTarget section */

/* Begin PBXProject section */
		69F0F35D2B7CE28900FD676D /* Project object */ = {
			isa = PBXProject;
			attributes = {
				BuildIndependentTargetsInParallel = 1;
				LastSwiftUpdateCheck = 1520;
				LastUpgradeCheck = 1520;
				TargetAttributes = {
					69F0F3642B7CE28900FD676D = {
						CreatedOnToolsVersion = 15.2;
					};
				};
			};
			buildConfigurationList = 69F0F3602B7CE28900FD676D /* Build configuration list for PBXProject "SwiftUIAPIcalls" */;
			compatibilityVersion = "Xcode 14.0";
			developmentRegion = en;
			hasScannedForEncodings = 0;
			knownRegions = (
				en,
				Base,
			);
			mainGroup = 69F0F35C2B7CE28900FD676D;
			productRefGroup = 69F0F3662B7CE28900FD676D /* Products */;
			projectDirPath = "";
			projectRoot = "";
			targets = (
				69F0F3642B7CE28900FD676D /* SwiftUIAPIcalls */,
			);
		};
/* End PBXProject section */

/* Begin PBXResourcesBuildPhase section */
		69F0F3632B7CE28900FD676D /* Resources */ = {
			isa = PBXResourcesBuildPhase;
			buildActionMask = 2147483647;
			files = (
				69F0F3702B7CE28A00FD676D /* Preview Assets.xcassets in Resources */,
				69F0F36D2B7CE28A00FD676D /* Assets.xcassets in Resources */,
			);
			runOnlyForDeploymentPostprocessing = 0;
		};
/* End PBXResourcesBuildPhase section */

/* Begin PBXSourcesBuildPhase section */
		69F0F3612B7CE28900FD676D /* Sources */ = {
			isa = PBXSourcesBuildPhase;
			buildActionMask = 2147483647;
			files = (
				69F0F36B2B7CE28900FD676D /* ContentView.swift in Sources */,
				69F0F3772B7CE3A200FD676D /* ViewModel.swift in Sources */,
				69F0F3792B7CE7FC00FD676D /* CourseModel.swift in Sources */,
				69F0F3692B7CE28900FD676D /* SwiftUIAPIcallsApp.swift in Sources */,
				69756CF62B7E10710048E2B1 /* CustomURLImageView.swift in Sources */,
			);
			runOnlyForDeploymentPostprocessing = 0;
		};
/* End PBXSourcesBuildPhase section */

/* Begin XCBuildConfiguration section */
		69F0F3712B7CE28A00FD676D /* Debug */ = {
			isa = XCBuildConfiguration;
			buildSettings = {
				ALWAYS_SEARCH_USER_PATHS = NO;
				ASSETCATALOG_COMPILER_GENERATE_SWIFT_ASSET_SYMBOL_EXTENSIONS = YES;
				CLANG_ANALYZER_NONNULL = YES;
				CLANG_ANALYZER_NUMBER_OBJECT_CONVERSION = YES_AGGRESSIVE;
				CLANG_CXX_LANGUAGE_STANDARD = "gnu++20";
				CLANG_ENABLE_MODULES = YES;
				CLANG_ENABLE_OBJC_ARC = YES;
				CLANG_ENABLE_OBJC_WEAK = YES;
				CLANG_WARN_BLOCK_CAPTURE_AUTORELEASING = YES;
				CLANG_WARN_BOOL_CONVERSION = YES;
				CLANG_WARN_COMMA = YES;
				CLANG_WARN_CONSTANT_CONVERSION = YES;
				CLANG_WARN_DEPRECATED_OBJC_IMPLEMENTATIONS = YES;
				CLANG_WARN_DIRECT_OBJC_ISA_USAGE = YES_ERROR;
				CLANG_WARN_DOCUMENTATION_COMMENTS = YES;
				CLANG_WARN_EMPTY_BODY = YES;
				CLANG_WARN_ENUM_CONVERSION = YES;
				CLANG_WARN_INFINITE_RECURSION = YES;
				CLANG_WARN_INT_CONVERSION = YES;
				CLANG_WARN_NON_LITERAL_NULL_CONVERSION = YES;
				CLANG_WARN_OBJC_IMPLICIT_RETAIN_SELF = YES;
				CLANG_WARN_OBJC_LITERAL_CONVERSION = YES;
				CLANG_WARN_OBJC_ROOT_CLASS = YES_ERROR;
				CLANG_WARN_QUOTED_INCLUDE_IN_FRAMEWORK_HEADER = YES;
				CLANG_WARN_RANGE_LOOP_ANALYSIS = YES;
				CLANG_WARN_STRICT_PROTOTYPES = YES;
				CLANG_WARN_SUSPICIOUS_MOVE = YES;
				CLANG_WARN_UNGUARDED_AVAILABILITY = YES_AGGRESSIVE;
				CLANG_WARN_UNREACHABLE_CODE = YES;
				CLANG_WARN__DUPLICATE_METHOD_MATCH = YES;
				COPY_PHASE_STRIP = NO;
				DEBUG_INFORMATION_FORMAT = dwarf;
				ENABLE_STRICT_OBJC_MSGSEND = YES;
				ENABLE_TESTABILITY = YES;
				ENABLE_USER_SCRIPT_SANDBOXING = YES;
				GCC_C_LANGUAGE_STANDARD = gnu17;
				GCC_DYNAMIC_NO_PIC = NO;
				GCC_NO_COMMON_BLOCKS = YES;
				GCC_OPTIMIZATION_LEVEL = 0;
				GCC_PREPROCESSOR_DEFINITIONS = (
					"DEBUG=1",
					"$(inherited)",
				);
				GCC_WARN_64_TO_32_BIT_CONVERSION = YES;
				GCC_WARN_ABOUT_RETURN_TYPE = YES_ERROR;
				GCC_WARN_UNDECLARED_SELECTOR = YES;
				GCC_WARN_UNINITIALIZED_AUTOS = YES_AGGRESSIVE;
				GCC_WARN_UNUSED_FUNCTION = YES;
				GCC_WARN_UNUSED_VARIABLE = YES;
				IPHONEOS_DEPLOYMENT_TARGET = 17.2;
				LOCALIZATION_PREFERS_STRING_CATALOGS = YES;
				MTL_ENABLE_DEBUG_INFO = INCLUDE_SOURCE;
				MTL_FAST_MATH = YES;
				ONLY_ACTIVE_ARCH = YES;
				SDKROOT = iphoneos;
				SWIFT_ACTIVE_COMPILATION_CONDITIONS = "DEBUG $(inherited)";
				SWIFT_OPTIMIZATION_LEVEL = "-Onone";
			};
			name = Debug;
		};
		69F0F3722B7CE28A00FD676D /* Release */ = {
			isa = XCBuildConfiguration;
			buildSettings = {
				ALWAYS_SEARCH_USER_PATHS = NO;
				ASSETCATALOG_COMPILER_GENERATE_SWIFT_ASSET_SYMBOL_EXTENSIONS = YES;
				CLANG_ANALYZER_NONNULL = YES;
				CLANG_ANALYZER_NUMBER_OBJECT_CONVERSION = YES_AGGRESSIVE;
				CLANG_CXX_LANGUAGE_STANDARD = "gnu++20";
				CLANG_ENABLE_MODULES = YES;
				CLANG_ENABLE_OBJC_ARC = YES;
				CLANG_ENABLE_OBJC_WEAK = YES;
				CLANG_WARN_BLOCK_CAPTURE_AUTORELEASING = YES;
				CLANG_WARN_BOOL_CONVERSION = YES;
				CLANG_WARN_COMMA = YES;
				CLANG_WARN_CONSTANT_CONVERSION = YES;
				CLANG_WARN_DEPRECATED_OBJC_IMPLEMENTATIONS = YES;
				CLANG_WARN_DIRECT_OBJC_ISA_USAGE = YES_ERROR;
				CLANG_WARN_DOCUMENTATION_COMMENTS = YES;
				CLANG_WARN_EMPTY_BODY = YES;
				CLANG_WARN_ENUM_CONVERSION = YES;
				CLANG_WARN_INFINITE_RECURSION = YES;
				CLANG_WARN_INT_CONVERSION = YES;
				CLANG_WARN_NON_LITERAL_NULL_CONVERSION = YES;
				CLANG_WARN_OBJC_IMPLICIT_RETAIN_SELF = YES;
				CLANG_WARN_OBJC_LITERAL_CONVERSION = YES;
				CLANG_WARN_OBJC_ROOT_CLASS = YES_ERROR;
				CLANG_WARN_QUOTED_INCLUDE_IN_FRAMEWORK_HEADER = YES;
				CLANG_WARN_RANGE_LOOP_ANALYSIS = YES;
				CLANG_WARN_STRICT_PROTOTYPES = YES;
				CLANG_WARN_SUSPICIOUS_MOVE = YES;
				CLANG_WARN_UNGUARDED_AVAILABILITY = YES_AGGRESSIVE;
				CLANG_WARN_UNREACHABLE_CODE = YES;
				CLANG_WARN__DUPLICATE_METHOD_MATCH = YES;
				COPY_PHASE_STRIP = NO;
				DEBUG_INFORMATION_FORMAT = "dwarf-with-dsym";
				ENABLE_NS_ASSERTIONS = NO;
				ENABLE_STRICT_OBJC_MSGSEND = YES;
				ENABLE_USER_SCRIPT_SANDBOXING = YES;
				GCC_C_LANGUAGE_STANDARD = gnu17;
				GCC_NO_COMMON_BLOCKS = YES;
				GCC_WARN_64_TO_32_BIT_CONVERSION = YES;
				GCC_WARN_ABOUT_RETURN_TYPE = YES_ERROR;
				GCC_WARN_UNDECLARED_SELECTOR = YES;
				GCC_WARN_UNINITIALIZED_AUTOS = YES_AGGRESSIVE;
				GCC_WARN_UNUSED_FUNCTION = YES;
				GCC_WARN_UNUSED_VARIABLE = YES;
				IPHONEOS_DEPLOYMENT_TARGET = 17.2;
				LOCALIZATION_PREFERS_STRING_CATALOGS = YES;
				MTL_ENABLE_DEBUG_INFO = NO;
				MTL_FAST_MATH = YES;
				SDKROOT = iphoneos;
				SWIFT_COMPILATION_MODE = wholemodule;
				VALIDATE_PRODUCT = YES;
			};
			name = Release;
		};
		69F0F3742B7CE28A00FD676D /* Debug */ = {
			isa = XCBuildConfiguration;
			buildSettings = {
				ASSETCATALOG_COMPILER_APPICON_NAME = AppIcon;
				ASSETCATALOG_COMPILER_GLOBAL_ACCENT_COLOR_NAME = AccentColor;
				CODE_SIGN_STYLE = Automatic;
				CURRENT_PROJECT_VERSION = 1;
				DEVELOPMENT_ASSET_PATHS = "\"SwiftUIAPIcalls/Preview Content\"";
				DEVELOPMENT_TEAM = 2A9KWAY42J;
				ENABLE_PREVIEWS = YES;
				GENERATE_INFOPLIST_FILE = YES;
				INFOPLIST_KEY_UIApplicationSceneManifest_Generation = YES;
				INFOPLIST_KEY_UIApplicationSupportsIndirectInputEvents = YES;
				INFOPLIST_KEY_UILaunchScreen_Generation = YES;
				INFOPLIST_KEY_UISupportedInterfaceOrientations_iPad = "UIInterfaceOrientationPortrait UIInterfaceOrientationPortraitUpsideDown UIInterfaceOrientationLandscapeLeft UIInterfaceOrientationLandscapeRight";
				INFOPLIST_KEY_UISupportedInterfaceOrientations_iPhone = "UIInterfaceOrientationPortrait UIInterfaceOrientationLandscapeLeft UIInterfaceOrientationLandscapeRight";
				LD_RUNPATH_SEARCH_PATHS = (
					"$(inherited)",
					"@executable_path/Frameworks",
				);
				MARKETING_VERSION = 1.0;
				PRODUCT_BUNDLE_IDENTIFIER = com.ioannisandreoulakisswift.SwiftUIAPIcalls;
				PRODUCT_NAME = "$(TARGET_NAME)";
				SWIFT_EMIT_LOC_STRINGS = YES;
				SWIFT_VERSION = 5.0;
				TARGETED_DEVICE_FAMILY = "1,2";
			};
			name = Debug;
		};
		69F0F3752B7CE28A00FD676D /* Release */ = {
			isa = XCBuildConfiguration;
			buildSettings = {
				ASSETCATALOG_COMPILER_APPICON_NAME = AppIcon;
				ASSETCATALOG_COMPILER_GLOBAL_ACCENT_COLOR_NAME = AccentColor;
				CODE_SIGN_STYLE = Automatic;
				CURRENT_PROJECT_VERSION = 1;
				DEVELOPMENT_ASSET_PATHS = "\"SwiftUIAPIcalls/Preview Content\"";
				DEVELOPMENT_TEAM = 2A9KWAY42J;
				ENABLE_PREVIEWS = YES;
				GENERATE_INFOPLIST_FILE = YES;
				INFOPLIST_KEY_UIApplicationSceneManifest_Generation = YES;
				INFOPLIST_KEY_UIApplicationSupportsIndirectInputEvents = YES;
				INFOPLIST_KEY_UILaunchScreen_Generation = YES;
				INFOPLIST_KEY_UISupportedInterfaceOrientations_iPad = "UIInterfaceOrientationPortrait UIInterfaceOrientationPortraitUpsideDown UIInterfaceOrientationLandscapeLeft UIInterfaceOrientationLandscapeRight";
				INFOPLIST_KEY_UISupportedInterfaceOrientations_iPhone = "UIInterfaceOrientationPortrait UIInterfaceOrientationLandscapeLeft UIInterfaceOrientationLandscapeRight";
				LD_RUNPATH_SEARCH_PATHS = (
					"$(inherited)",
					"@executable_path/Frameworks",
				);
				MARKETING_VERSION = 1.0;
				PRODUCT_BUNDLE_IDENTIFIER = com.ioannisandreoulakisswift.SwiftUIAPIcalls;
				PRODUCT_NAME = "$(TARGET_NAME)";
				SWIFT_EMIT_LOC_STRINGS = YES;
				SWIFT_VERSION = 5.0;
				TARGETED_DEVICE_FAMILY = "1,2";
			};
			name = Release;
		};
/* End XCBuildConfiguration section */

/* Begin XCConfigurationList section */
		69F0F3602B7CE28900FD676D /* Build configuration list for PBXProject "SwiftUIAPIcalls" */ = {
			isa = XCConfigurationList;
			buildConfigurations = (
				69F0F3712B7CE28A00FD676D /* Debug */,
				69F0F3722B7CE28A00FD676D /* Release */,
			);
			defaultConfigurationIsVisible = 0;
			defaultConfigurationName = Release;
		};
		69F0F3732B7CE28A00FD676D /* Build configuration list for PBXNativeTarget "SwiftUIAPIcalls" */ = {
			isa = XCConfigurationList;
			buildConfigurations = (
				69F0F3742B7CE28A00FD676D /* Debug */,
				69F0F3752B7CE28A00FD676D /* Release */,
			);
			defaultConfigurationIsVisible = 0;
			defaultConfigurationName = Release;
		};
/* End XCConfigurationList section */
	};
	rootObject = 69F0F35D2B7CE28900FD676D /* Project object */;
}
